// !$*UTF8*$!
{
	archiveVersion = 1;
	classes = {
	};
	objectVersion = 46;
	objects = {

/* Begin PBXBuildFile section */
		17F92925164ACE10008D4098 /* UIKit.framework in Frameworks */ = {isa = PBXBuildFile; fileRef = 17F92924164ACE10008D4098 /* UIKit.framework */; };
		17F92927164ACE10008D4098 /* Foundation.framework in Frameworks */ = {isa = PBXBuildFile; fileRef = 17F92926164ACE10008D4098 /* Foundation.framework */; };
		17F92929164ACE10008D4098 /* CoreGraphics.framework in Frameworks */ = {isa = PBXBuildFile; fileRef = 17F92928164ACE10008D4098 /* CoreGraphics.framework */; };
		17F9292F164ACE10008D4098 /* InfoPlist.strings in Resources */ = {isa = PBXBuildFile; fileRef = 17F9292D164ACE10008D4098 /* InfoPlist.strings */; };
		17F92931164ACE10008D4098 /* main.m in Sources */ = {isa = PBXBuildFile; fileRef = 17F92930164ACE10008D4098 /* main.m */; };
		17F92935164ACE10008D4098 /* AppDelegate.m in Sources */ = {isa = PBXBuildFile; fileRef = 17F92934164ACE10008D4098 /* AppDelegate.m */; };
		17F92937164ACE10008D4098 /* Default.png in Resources */ = {isa = PBXBuildFile; fileRef = 17F92936164ACE10008D4098 /* Default.png */; };
		17F92939164ACE10008D4098 /* Default@2x.png in Resources */ = {isa = PBXBuildFile; fileRef = 17F92938164ACE10008D4098 /* Default@2x.png */; };
		17F9293B164ACE10008D4098 /* Default-568h@2x.png in Resources */ = {isa = PBXBuildFile; fileRef = 17F9293A164ACE10008D4098 /* Default-568h@2x.png */; };
		17F9293E164ACE10008D4098 /* MainStoryboard.storyboard in Resources */ = {isa = PBXBuildFile; fileRef = 17F9293C164ACE10008D4098 /* MainStoryboard.storyboard */; };
		17F92941164ACE10008D4098 /* MapViewController.m in Sources */ = {isa = PBXBuildFile; fileRef = 17F92940164ACE10008D4098 /* MapViewController.m */; };
		17F92948164ACED7008D4098 /* MapKit.framework in Frameworks */ = {isa = PBXBuildFile; fileRef = 17F92947164ACED7008D4098 /* MapKit.framework */; };
		17F9294A164ACEDD008D4098 /* CoreLocation.framework in Frameworks */ = {isa = PBXBuildFile; fileRef = 17F92949164ACEDD008D4098 /* CoreLocation.framework */; };
		17F9294E164AD0C3008D4098 /* prague.gpx in Resources */ = {isa = PBXBuildFile; fileRef = 17F9294D164AD0C3008D4098 /* prague.gpx */; };
		17F92952164AD1D0008D4098 /* LocationService.m in Sources */ = {isa = PBXBuildFile; fileRef = 17F92951164AD1D0008D4098 /* LocationService.m */; };
		17F92955164AD8E1008D4098 /* MyPOI.m in Sources */ = {isa = PBXBuildFile; fileRef = 17F92954164AD8E1008D4098 /* MyPOI.m */; };
/* End PBXBuildFile section */

/* Begin PBXFileReference section */
		17F92920164ACE10008D4098 /* Map.app */ = {isa = PBXFileReference; explicitFileType = wrapper.application; includeInIndex = 0; path = Map.app; sourceTree = BUILT_PRODUCTS_DIR; };
		17F92924164ACE10008D4098 /* UIKit.framework */ = {isa = PBXFileReference; lastKnownFileType = wrapper.framework; name = UIKit.framework; path = System/Library/Frameworks/UIKit.framework; sourceTree = SDKROOT; };
		17F92926164ACE10008D4098 /* Foundation.framework */ = {isa = PBXFileReference; lastKnownFileType = wrapper.framework; name = Foundation.framework; path = System/Library/Frameworks/Foundation.framework; sourceTree = SDKROOT; };
		17F92928164ACE10008D4098 /* CoreGraphics.framework */ = {isa = PBXFileReference; lastKnownFileType = wrapper.framework; name = CoreGraphics.framework; path = System/Library/Frameworks/CoreGraphics.framework; sourceTree = SDKROOT; };
		17F9292C164ACE10008D4098 /* Map-Info.plist */ = {isa = PBXFileReference; lastKnownFileType = text.plist.xml; path = "Map-Info.plist"; sourceTree = "<group>"; };
		17F9292E164ACE10008D4098 /* en */ = {isa = PBXFileReference; lastKnownFileType = text.plist.strings; name = en; path = en.lproj/InfoPlist.strings; sourceTree = "<group>"; };
		17F92930164ACE10008D4098 /* main.m */ = {isa = PBXFileReference; lastKnownFileType = sourcecode.c.objc; path = main.m; sourceTree = "<group>"; };
		17F92932164ACE10008D4098 /* Map-Prefix.pch */ = {isa = PBXFileReference; lastKnownFileType = sourcecode.c.h; path = "Map-Prefix.pch"; sourceTree = "<group>"; };
		17F92933164ACE10008D4098 /* AppDelegate.h */ = {isa = PBXFileReference; lastKnownFileType = sourcecode.c.h; path = AppDelegate.h; sourceTree = "<group>"; };
		17F92934164ACE10008D4098 /* AppDelegate.m */ = {isa = PBXFileReference; lastKnownFileType = sourcecode.c.objc; path = AppDelegate.m; sourceTree = "<group>"; };
		17F92936164ACE10008D4098 /* Default.png */ = {isa = PBXFileReference; lastKnownFileType = image.png; path = Default.png; sourceTree = "<group>"; };
		17F92938164ACE10008D4098 /* Default@2x.png */ = {isa = PBXFileReference; lastKnownFileType = image.png; path = "Default@2x.png"; sourceTree = "<group>"; };
		17F9293A164ACE10008D4098 /* Default-568h@2x.png */ = {isa = PBXFileReference; lastKnownFileType = image.png; path = "Default-568h@2x.png"; sourceTree = "<group>"; };
		17F9293D164ACE10008D4098 /* en */ = {isa = PBXFileReference; lastKnownFileType = file.storyboard; name = en; path = en.lproj/MainStoryboard.storyboard; sourceTree = "<group>"; };
		17F9293F164ACE10008D4098 /* MapViewController.h */ = {isa = PBXFileReference; lastKnownFileType = sourcecode.c.h; path = MapViewController.h; sourceTree = "<group>"; };
		17F92940164ACE10008D4098 /* MapViewController.m */ = {isa = PBXFileReference; lastKnownFileType = sourcecode.c.objc; path = MapViewController.m; sourceTree = "<group>"; };
		17F92947164ACED7008D4098 /* MapKit.framework */ = {isa = PBXFileReference; lastKnownFileType = wrapper.framework; name = MapKit.framework; path = System/Library/Frameworks/MapKit.framework; sourceTree = SDKROOT; };
		17F92949164ACEDD008D4098 /* CoreLocation.framework */ = {isa = PBXFileReference; lastKnownFileType = wrapper.framework; name = CoreLocation.framework; path = System/Library/Frameworks/CoreLocation.framework; sourceTree = SDKROOT; };
		17F9294D164AD0C3008D4098 /* prague.gpx */ = {isa = PBXFileReference; fileEncoding = 4; lastKnownFileType = text.xml; path = prague.gpx; sourceTree = "<group>"; };
		17F92950164AD1D0008D4098 /* LocationService.h */ = {isa = PBXFileReference; fileEncoding = 4; lastKnownFileType = sourcecode.c.h; path = LocationService.h; sourceTree = "<group>"; };
		17F92951164AD1D0008D4098 /* LocationService.m */ = {isa = PBXFileReference; fileEncoding = 4; lastKnownFileType = sourcecode.c.objc; path = LocationService.m; sourceTree = "<group>"; };
		17F92953164AD8E1008D4098 /* MyPOI.h */ = {isa = PBXFileReference; fileEncoding = 4; lastKnownFileType = sourcecode.c.h; path = MyPOI.h; sourceTree = "<group>"; };
		17F92954164AD8E1008D4098 /* MyPOI.m */ = {isa = PBXFileReference; fileEncoding = 4; lastKnownFileType = sourcecode.c.objc; path = MyPOI.m; sourceTree = "<group>"; };
/* End PBXFileReference section */

/* Begin PBXFrameworksBuildPhase section */
		17F9291D164ACE10008D4098 /* Frameworks */ = {
			isa = PBXFrameworksBuildPhase;
			buildActionMask = 2147483647;
			files = (
				17F9294A164ACEDD008D4098 /* CoreLocation.framework in Frameworks */,
				17F92948164ACED7008D4098 /* MapKit.framework in Frameworks */,
				17F92925164ACE10008D4098 /* UIKit.framework in Frameworks */,
				17F92927164ACE10008D4098 /* Foundation.framework in Frameworks */,
				17F92929164ACE10008D4098 /* CoreGraphics.framework in Frameworks */,
			);
			runOnlyForDeploymentPostprocessing = 0;
		};
/* End PBXFrameworksBuildPhase section */

/* Begin PBXGroup section */
		17F92915164ACE10008D4098 = {
			isa = PBXGroup;
			children = (
				17F9292A164ACE10008D4098 /* Map */,
				17F92923164ACE10008D4098 /* Frameworks */,
				17F92921164ACE10008D4098 /* Products */,
			);
			sourceTree = "<group>";
		};
		17F92921164ACE10008D4098 /* Products */ = {
			isa = PBXGroup;
			children = (
				17F92920164ACE10008D4098 /* Map.app */,
			);
			name = Products;
			sourceTree = "<group>";
		};
		17F92923164ACE10008D4098 /* Frameworks */ = {
			isa = PBXGroup;
			children = (
				17F92949164ACEDD008D4098 /* CoreLocation.framework */,
				17F92947164ACED7008D4098 /* MapKit.framework */,
				17F92924164ACE10008D4098 /* UIKit.framework */,
				17F92926164ACE10008D4098 /* Foundation.framework */,
				17F92928164ACE10008D4098 /* CoreGraphics.framework */,
			);
			name = Frameworks;
			sourceTree = "<group>";
		};
		17F9292A164ACE10008D4098 /* Map */ = {
			isa = PBXGroup;
			children = (
				17F9294F164AD1C0008D4098 /* Service */,
				17F9294D164AD0C3008D4098 /* prague.gpx */,
				17F9294C164ACEF2008D4098 /* Controller */,
				17F9294B164ACEEC008D4098 /* Model */,
				17F92933164ACE10008D4098 /* AppDelegate.h */,
				17F92934164ACE10008D4098 /* AppDelegate.m */,
				17F9293C164ACE10008D4098 /* MainStoryboard.storyboard */,
				17F9292B164ACE10008D4098 /* Supporting Files */,
			);
			path = Map;
			sourceTree = "<group>";
		};
		17F9292B164ACE10008D4098 /* Supporting Files */ = {
			isa = PBXGroup;
			children = (
				17F9292C164ACE10008D4098 /* Map-Info.plist */,
				17F9292D164ACE10008D4098 /* InfoPlist.strings */,
				17F92930164ACE10008D4098 /* main.m */,
				17F92932164ACE10008D4098 /* Map-Prefix.pch */,
				17F92936164ACE10008D4098 /* Default.png */,
				17F92938164ACE10008D4098 /* Default@2x.png */,
				17F9293A164ACE10008D4098 /* Default-568h@2x.png */,
			);
			name = "Supporting Files";
			sourceTree = "<group>";
		};
		17F9294B164ACEEC008D4098 /* Model */ = {
			isa = PBXGroup;
			children = (
				17F92953164AD8E1008D4098 /* MyPOI.h */,
				17F92954164AD8E1008D4098 /* MyPOI.m */,
			);
			name = Model;
			sourceTree = "<group>";
		};
		17F9294C164ACEF2008D4098 /* Controller */ = {
			isa = PBXGroup;
			children = (
				17F9293F164ACE10008D4098 /* MapViewController.h */,
				17F92940164ACE10008D4098 /* MapViewController.m */,
			);
			name = Controller;
			sourceTree = "<group>";
		};
		17F9294F164AD1C0008D4098 /* Service */ = {
			isa = PBXGroup;
			children = (
				17F92950164AD1D0008D4098 /* LocationService.h */,
				17F92951164AD1D0008D4098 /* LocationService.m */,
			);
			name = Service;
			sourceTree = "<group>";
		};
/* End PBXGroup section */

/* Begin PBXNativeTarget section */
		17F9291F164ACE10008D4098 /* Map */ = {
			isa = PBXNativeTarget;
			buildConfigurationList = 17F92944164ACE10008D4098 /* Build configuration list for PBXNativeTarget "Map" */;
			buildPhases = (
				17F9291C164ACE10008D4098 /* Sources */,
				17F9291D164ACE10008D4098 /* Frameworks */,
				17F9291E164ACE10008D4098 /* Resources */,
			);
			buildRules = (
			);
			dependencies = (
			);
			name = Map;
			productName = Map;
			productReference = 17F92920164ACE10008D4098 /* Map.app */;
			productType = "com.apple.product-type.application";
		};
/* End PBXNativeTarget section */

/* Begin PBXProject section */
		17F92917164ACE10008D4098 /* Project object */ = {
			isa = PBXProject;
			attributes = {
				LastUpgradeCheck = 0450;
				ORGANIZATIONNAME = "Jakub Hladík";
			};
			buildConfigurationList = 17F9291A164ACE10008D4098 /* Build configuration list for PBXProject "Map" */;
			compatibilityVersion = "Xcode 3.2";
			developmentRegion = English;
			hasScannedForEncodings = 0;
			knownRegions = (
				en,
			);
			mainGroup = 17F92915164ACE10008D4098;
			productRefGroup = 17F92921164ACE10008D4098 /* Products */;
			projectDirPath = "";
			projectRoot = "";
			targets = (
				17F9291F164ACE10008D4098 /* Map */,
			);
		};
/* End PBXProject section */

/* Begin PBXResourcesBuildPhase section */
		17F9291E164ACE10008D4098 /* Resources */ = {
			isa = PBXResourcesBuildPhase;
			buildActionMask = 2147483647;
			files = (
				17F9292F164ACE10008D4098 /* InfoPlist.strings in Resources */,
				17F92937164ACE10008D4098 /* Default.png in Resources */,
				17F92939164ACE10008D4098 /* Default@2x.png in Resources */,
				17F9293B164ACE10008D4098 /* Default-568h@2x.png in Resources */,
				17F9293E164ACE10008D4098 /* MainStoryboard.storyboard in Resources */,
				17F9294E164AD0C3008D4098 /* prague.gpx in Resources */,
			);
			runOnlyForDeploymentPostprocessing = 0;
		};
/* End PBXResourcesBuildPhase section */

/* Begin PBXSourcesBuildPhase section */
		17F9291C164ACE10008D4098 /* Sources */ = {
			isa = PBXSourcesBuildPhase;
			buildActionMask = 2147483647;
			files = (
				17F92931164ACE10008D4098 /* main.m in Sources */,
				17F92935164ACE10008D4098 /* AppDelegate.m in Sources */,
				17F92941164ACE10008D4098 /* MapViewController.m in Sources */,
				17F92952164AD1D0008D4098 /* LocationService.m in Sources */,
				17F92955164AD8E1008D4098 /* MyPOI.m in Sources */,
			);
			runOnlyForDeploymentPostprocessing = 0;
		};
/* End PBXSourcesBuildPhase section */

/* Begin PBXVariantGroup section */
		17F9292D164ACE10008D4098 /* InfoPlist.strings */ = {
			isa = PBXVariantGroup;
			children = (
				17F9292E164ACE10008D4098 /* en */,
			);
			name = InfoPlist.strings;
			sourceTree = "<group>";
		};
		17F9293C164ACE10008D4098 /* MainStoryboard.storyboard */ = {
			isa = PBXVariantGroup;
			children = (
				17F9293D164ACE10008D4098 /* en */,
			);
			name = MainStoryboard.storyboard;
			sourceTree = "<group>";
		};
/* End PBXVariantGroup section */

/* Begin XCBuildConfiguration section */
		17F92942164ACE10008D4098 /* Debug */ = {
			isa = XCBuildConfiguration;
			buildSettings = {
				ALWAYS_SEARCH_USER_PATHS = NO;
				CLANG_CXX_LANGUAGE_STANDARD = "gnu++0x";
				CLANG_CXX_LIBRARY = "libc++";
				CLANG_ENABLE_OBJC_ARC = YES;
				CLANG_WARN_EMPTY_BODY = YES;
				CLANG_WARN__DUPLICATE_METHOD_MATCH = YES;
				"CODE_SIGN_IDENTITY[sdk=iphoneos*]" = "iPhone Developer";
				COPY_PHASE_STRIP = NO;
				GCC_C_LANGUAGE_STANDARD = gnu99;
				GCC_DYNAMIC_NO_PIC = NO;
				GCC_OPTIMIZATION_LEVEL = 0;
				GCC_PREPROCESSOR_DEFINITIONS = (
					"DEBUG=1",
					"$(inherited)",
				);
				GCC_SYMBOLS_PRIVATE_EXTERN = NO;
				GCC_WARN_ABOUT_RETURN_TYPE = YES;
				GCC_WARN_UNINITIALIZED_AUTOS = YES;
				GCC_WARN_UNUSED_VARIABLE = YES;
				IPHONEOS_DEPLOYMENT_TARGET = 6.0;
				ONLY_ACTIVE_ARCH = YES;
				SDKROOT = iphoneos;
			};
			name = Debug;
		};
		17F92943164ACE10008D4098 /* Release */ = {
			isa = XCBuildConfiguration;
			buildSettings = {
				ALWAYS_SEARCH_USER_PATHS = NO;
				CLANG_CXX_LANGUAGE_STANDARD = "gnu++0x";
				CLANG_CXX_LIBRARY = "libc++";
				CLANG_ENABLE_OBJC_ARC = YES;
				CLANG_WARN_EMPTY_BODY = YES;
				CLANG_WARN__DUPLICATE_METHOD_MATCH = YES;
				"CODE_SIGN_IDENTITY[sdk=iphoneos*]" = "iPhone Developer";
				COPY_PHASE_STRIP = YES;
				GCC_C_LANGUAGE_STANDARD = gnu99;
				GCC_WARN_ABOUT_RETURN_TYPE = YES;
				GCC_WARN_UNINITIALIZED_AUTOS = YES;
				GCC_WARN_UNUSED_VARIABLE = YES;
				IPHONEOS_DEPLOYMENT_TARGET = 6.0;
				OTHER_CFLAGS = "-DNS_BLOCK_ASSERTIONS=1";
				SDKROOT = iphoneos;
				VALIDATE_PRODUCT = YES;
			};
			name = Release;
		};
		17F92945164ACE10008D4098 /* Debug */ = {
			isa = XCBuildConfiguration;
			buildSettings = {
				GCC_PRECOMPILE_PREFIX_HEADER = YES;
				GCC_PREFIX_HEADER = "Map/Map-Prefix.pch";
				INFOPLIST_FILE = "Map/Map-Info.plist";
				PRODUCT_NAME = "$(TARGET_NAME)";
				WRAPPER_EXTENSION = app;
			};
			name = Debug;
		};
		17F92946164ACE10008D4098 /* Release */ = {
			isa = XCBuildConfiguration;
			buildSettings = {
				GCC_PRECOMPILE_PREFIX_HEADER = YES;
				GCC_PREFIX_HEADER = "Map/Map-Prefix.pch";
				INFOPLIST_FILE = "Map/Map-Info.plist";
				PRODUCT_NAME = "$(TARGET_NAME)";
				WRAPPER_EXTENSION = app;
			};
			name = Release;
		};
/* End XCBuildConfiguration section */

/* Begin XCConfigurationList section */
		17F9291A164ACE10008D4098 /* Build configuration list for PBXProject "Map" */ = {
			isa = XCConfigurationList;
			buildConfigurations = (
				17F92942164ACE10008D4098 /* Debug */,
				17F92943164ACE10008D4098 /* Release */,
			);
			defaultConfigurationIsVisible = 0;
			defaultConfigurationName = Release;
		};
		17F92944164ACE10008D4098 /* Build configuration list for PBXNativeTarget "Map" */ = {
			isa = XCConfigurationList;
			buildConfigurations = (
				17F92945164ACE10008D4098 /* Debug */,
				17F92946164ACE10008D4098 /* Release */,
			);
			defaultConfigurationIsVisible = 0;
		};
/* End XCConfigurationList section */
	};
	rootObject = 17F92917164ACE10008D4098 /* Project object */;
}
